
Microsoft Visual Studio Solution File, Format Version 12.00
# Visual Studio Version 17
VisualStudioVersion = 17.10.34928.147
MinimumVisualStudioVersion = 10.0.40219.1
Project("{FAE04EC0-301F-11D3-BF4B-00C04F79EFBC}") = "15_DoDinhTuan_21103100756_PTUDWNET", "15_DoDinhTuan_21103100756_PTUDWNET\15_DoDinhTuan_21103100756_PTUDWNET.csproj", "{0AFEA1EC-EC8E-4A7C-BDB7-FB4655DDC2D0}"
EndProject
Global
	GlobalSection(SolutionConfigurationPlatforms) = preSolution
		Debug|Any CPU = Debug|Any CPU
		Release|Any CPU = Release|Any CPU
	EndGlobalSection
	GlobalSection(ProjectConfigurationPlatforms) = postSolution
		{0AFEA1EC-EC8E-4A7C-BDB7-FB4655DDC2D0}.Debug|Any CPU.ActiveCfg = Debug|Any CPU
		{0AFEA1EC-EC8E-4A7C-BDB7-FB4655DDC2D0}.Debug|Any CPU.Build.0 = Debug|Any CPU
		{0AFEA1EC-EC8E-4A7C-BDB7-FB4655DDC2D0}.Release|Any CPU.ActiveCfg = Release|Any CPU
		{0AFEA1EC-EC8E-4A7C-BDB7-FB4655DDC2D0}.Release|Any CPU.Build.0 = Release|Any CPU
	EndGlobalSection
	GlobalSection(SolutionProperties) = preSolution
		HideSolutionNode = FALSE
	EndGlobalSection
	GlobalSection(ExtensibilityGlobals) = postSolution
		SolutionGuid = {F3535EF4-C625-480E-A210-7CFB499D6C88}
	EndGlobalSection
EndGlobal
