
Microsoft Visual Studio Solution File, Format Version 12.00
# Visual Studio Version 17
VisualStudioVersion = 17.10.34928.147
MinimumVisualStudioVersion = 10.0.40219.1
Project("{FAE04EC0-301F-11D3-BF4B-00C04F79EFBC}") = "27_LTUDDN_DoDinhTuan", "27_LTUDDN_DoDinhTuan\27_LTUDDN_DoDinhTuan.csproj", "{DEA0CFE3-A6C2-4D5F-A674-7AABFE09A0CE}"
EndProject
Global
	GlobalSection(SolutionConfigurationPlatforms) = preSolution
		Debug|Any CPU = Debug|Any CPU
		Release|Any CPU = Release|Any CPU
	EndGlobalSection
	GlobalSection(ProjectConfigurationPlatforms) = postSolution
		{DEA0CFE3-A6C2-4D5F-A674-7AABFE09A0CE}.Debug|Any CPU.ActiveCfg = Debug|Any CPU
		{DEA0CFE3-A6C2-4D5F-A674-7AABFE09A0CE}.Debug|Any CPU.Build.0 = Debug|Any CPU
		{DEA0CFE3-A6C2-4D5F-A674-7AABFE09A0CE}.Release|Any CPU.ActiveCfg = Release|Any CPU
		{DEA0CFE3-A6C2-4D5F-A674-7AABFE09A0CE}.Release|Any CPU.Build.0 = Release|Any CPU
	EndGlobalSection
	GlobalSection(SolutionProperties) = preSolution
		HideSolutionNode = FALSE
	EndGlobalSection
	GlobalSection(ExtensibilityGlobals) = postSolution
		SolutionGuid = {1627C897-DD72-4D83-83E2-1EBC2677BD0B}
	EndGlobalSection
EndGlobal
