
Microsoft Visual Studio Solution File, Format Version 12.00
# Visual Studio Version 17
VisualStudioVersion = 17.10.34928.147
MinimumVisualStudioVersion = 10.0.40219.1
Project("{FAE04EC0-301F-11D3-BF4B-00C04F79EFBC}") = "DDT", "DDT\DDT.csproj", "{A8948CEF-3FA1-4635-ABBF-B7C9BFE55DA1}"
EndProject
Global
	GlobalSection(SolutionConfigurationPlatforms) = preSolution
		Debug|Any CPU = Debug|Any CPU
		Release|Any CPU = Release|Any CPU
	EndGlobalSection
	GlobalSection(ProjectConfigurationPlatforms) = postSolution
		{A8948CEF-3FA1-4635-ABBF-B7C9BFE55DA1}.Debug|Any CPU.ActiveCfg = Debug|Any CPU
		{A8948CEF-3FA1-4635-ABBF-B7C9BFE55DA1}.Debug|Any CPU.Build.0 = Debug|Any CPU
		{A8948CEF-3FA1-4635-ABBF-B7C9BFE55DA1}.Release|Any CPU.ActiveCfg = Release|Any CPU
		{A8948CEF-3FA1-4635-ABBF-B7C9BFE55DA1}.Release|Any CPU.Build.0 = Release|Any CPU
	EndGlobalSection
	GlobalSection(SolutionProperties) = preSolution
		HideSolutionNode = FALSE
	EndGlobalSection
	GlobalSection(ExtensibilityGlobals) = postSolution
		SolutionGuid = {0B5B97B7-5A80-46A7-9D7D-546FDB51F7AD}
	EndGlobalSection
EndGlobal
