
Microsoft Visual Studio Solution File, Format Version 12.00
# Visual Studio Version 17
VisualStudioVersion = 17.10.34928.147
MinimumVisualStudioVersion = 10.0.40219.1
Project("{FAE04EC0-301F-11D3-BF4B-00C04F79EFBC}") = "03_12_BaiTongHop_DoDinhTuan_PTUD", "03_12_BaiTongHop_DoDinhTuan_PTUD\03_12_BaiTongHop_DoDinhTuan_PTUD.csproj", "{7002A390-1071-4770-B304-8B6EBEB26953}"
EndProject
Global
	GlobalSection(SolutionConfigurationPlatforms) = preSolution
		Debug|Any CPU = Debug|Any CPU
		Release|Any CPU = Release|Any CPU
	EndGlobalSection
	GlobalSection(ProjectConfigurationPlatforms) = postSolution
		{7002A390-1071-4770-B304-8B6EBEB26953}.Debug|Any CPU.ActiveCfg = Debug|Any CPU
		{7002A390-1071-4770-B304-8B6EBEB26953}.Debug|Any CPU.Build.0 = Debug|Any CPU
		{7002A390-1071-4770-B304-8B6EBEB26953}.Release|Any CPU.ActiveCfg = Release|Any CPU
		{7002A390-1071-4770-B304-8B6EBEB26953}.Release|Any CPU.Build.0 = Release|Any CPU
	EndGlobalSection
	GlobalSection(SolutionProperties) = preSolution
		HideSolutionNode = FALSE
	EndGlobalSection
	GlobalSection(ExtensibilityGlobals) = postSolution
		SolutionGuid = {4826B6A7-50E7-4AB2-9503-BD6B2E8EA736}
	EndGlobalSection
EndGlobal
