
Microsoft Visual Studio Solution File, Format Version 12.00
# Visual Studio Version 17
VisualStudioVersion = 17.10.34928.147
MinimumVisualStudioVersion = 10.0.40219.1
Project("{FAE04EC0-301F-11D3-BF4B-00C04F79EFBC}") = "QLSP", "QLSP\QLSP.csproj", "{67B3446A-2595-4231-AAEB-262BCBAE02A1}"
EndProject
Global
	GlobalSection(SolutionConfigurationPlatforms) = preSolution
		Debug|Any CPU = Debug|Any CPU
		Release|Any CPU = Release|Any CPU
	EndGlobalSection
	GlobalSection(ProjectConfigurationPlatforms) = postSolution
		{67B3446A-2595-4231-AAEB-262BCBAE02A1}.Debug|Any CPU.ActiveCfg = Debug|Any CPU
		{67B3446A-2595-4231-AAEB-262BCBAE02A1}.Debug|Any CPU.Build.0 = Debug|Any CPU
		{67B3446A-2595-4231-AAEB-262BCBAE02A1}.Release|Any CPU.ActiveCfg = Release|Any CPU
		{67B3446A-2595-4231-AAEB-262BCBAE02A1}.Release|Any CPU.Build.0 = Release|Any CPU
	EndGlobalSection
	GlobalSection(SolutionProperties) = preSolution
		HideSolutionNode = FALSE
	EndGlobalSection
	GlobalSection(ExtensibilityGlobals) = postSolution
		SolutionGuid = {547D9468-4BAD-4055-8583-8B0D096B3B1B}
	EndGlobalSection
EndGlobal
