
Microsoft Visual Studio Solution File, Format Version 12.00
# Visual Studio Version 17
VisualStudioVersion = 17.10.34928.147
MinimumVisualStudioVersion = 10.0.40219.1
Project("{FAE04EC0-301F-11D3-BF4B-00C04F79EFBC}") = "WebApplication10000000000000", "WebApplication10000000000000\WebApplication10000000000000.csproj", "{C1E6A955-CE3F-4A52-A85A-A4C4F7B94AAA}"
EndProject
Global
	GlobalSection(SolutionConfigurationPlatforms) = preSolution
		Debug|Any CPU = Debug|Any CPU
		Release|Any CPU = Release|Any CPU
	EndGlobalSection
	GlobalSection(ProjectConfigurationPlatforms) = postSolution
		{C1E6A955-CE3F-4A52-A85A-A4C4F7B94AAA}.Debug|Any CPU.ActiveCfg = Debug|Any CPU
		{C1E6A955-CE3F-4A52-A85A-A4C4F7B94AAA}.Debug|Any CPU.Build.0 = Debug|Any CPU
		{C1E6A955-CE3F-4A52-A85A-A4C4F7B94AAA}.Release|Any CPU.ActiveCfg = Release|Any CPU
		{C1E6A955-CE3F-4A52-A85A-A4C4F7B94AAA}.Release|Any CPU.Build.0 = Release|Any CPU
	EndGlobalSection
	GlobalSection(SolutionProperties) = preSolution
		HideSolutionNode = FALSE
	EndGlobalSection
	GlobalSection(ExtensibilityGlobals) = postSolution
		SolutionGuid = {FC86490A-F115-4579-8793-CBBC9DE0C311}
	EndGlobalSection
EndGlobal
